
Microsoft Visual Studio Solution File, Format Version 12.00
# Visual Studio 15
VisualStudioVersion = 15.0.27130.2036
MinimumVisualStudioVersion = 10.0.40219.1
Project("{FAE04EC0-301F-11D3-BF4B-00C04F79EFBC}") = "GiphyAPIDemo", "GiphyAPIDemo\GiphyAPIDemo.csproj", "{ADA850C1-B6F8-4045-BA31-44C7E5DEC724}"
EndProject
Global
	GlobalSection(SolutionConfigurationPlatforms) = preSolution
		Debug|Any CPU = Debug|Any CPU
		Release|Any CPU = Release|Any CPU
	EndGlobalSection
	GlobalSection(ProjectConfigurationPlatforms) = postSolution
		{ADA850C1-B6F8-4045-BA31-44C7E5DEC724}.Debug|Any CPU.ActiveCfg = Debug|Any CPU
		{ADA850C1-B6F8-4045-BA31-44C7E5DEC724}.Debug|Any CPU.Build.0 = Debug|Any CPU
		{ADA850C1-B6F8-4045-BA31-44C7E5DEC724}.Release|Any CPU.ActiveCfg = Release|Any CPU
		{ADA850C1-B6F8-4045-BA31-44C7E5DEC724}.Release|Any CPU.Build.0 = Release|Any CPU
	EndGlobalSection
	GlobalSection(SolutionProperties) = preSolution
		HideSolutionNode = FALSE
	EndGlobalSection
	GlobalSection(ExtensibilityGlobals) = postSolution
		SolutionGuid = {5F10B566-94B4-463D-AABD-253B9437B3BD}
	EndGlobalSection
EndGlobal
